
Microsoft Visual Studio Solution File, Format Version 12.00
# Visual Studio 15
VisualStudioVersion = 15.0.28010.2026
MinimumVisualStudioVersion = 10.0.40219.1
Project("{9A19103F-16F7-4668-BE54-9A1E7A4F7556}") = "DynamicPage.WebAPI", "DynamicPage.WebAPI\DynamicPage.WebAPI.csproj", "{79C5B910-A525-45BB-8E4F-B893A8EADFD1}"
EndProject
Project("{FAE04EC0-301F-11D3-BF4B-00C04F79EFBC}") = "BloggingSite", "BloggingSite\BloggingSite.csproj", "{EC47508B-1086-44EB-8B9B-1166F0C6763E}"
EndProject
Global
	GlobalSection(SolutionConfigurationPlatforms) = preSolution
		Debug|Any CPU = Debug|Any CPU
		Release|Any CPU = Release|Any CPU
	EndGlobalSection
	GlobalSection(ProjectConfigurationPlatforms) = postSolution
		{79C5B910-A525-45BB-8E4F-B893A8EADFD1}.Debug|Any CPU.ActiveCfg = Debug|Any CPU
		{79C5B910-A525-45BB-8E4F-B893A8EADFD1}.Debug|Any CPU.Build.0 = Debug|Any CPU
		{79C5B910-A525-45BB-8E4F-B893A8EADFD1}.Release|Any CPU.ActiveCfg = Release|Any CPU
		{79C5B910-A525-45BB-8E4F-B893A8EADFD1}.Release|Any CPU.Build.0 = Release|Any CPU
		{EC47508B-1086-44EB-8B9B-1166F0C6763E}.Debug|Any CPU.ActiveCfg = Debug|Any CPU
		{EC47508B-1086-44EB-8B9B-1166F0C6763E}.Debug|Any CPU.Build.0 = Debug|Any CPU
		{EC47508B-1086-44EB-8B9B-1166F0C6763E}.Release|Any CPU.ActiveCfg = Release|Any CPU
		{EC47508B-1086-44EB-8B9B-1166F0C6763E}.Release|Any CPU.Build.0 = Release|Any CPU
	EndGlobalSection
	GlobalSection(SolutionProperties) = preSolution
		HideSolutionNode = FALSE
	EndGlobalSection
	GlobalSection(ExtensibilityGlobals) = postSolution
		SolutionGuid = {530F83C6-4C5C-45C7-BE65-9F077453FE97}
	EndGlobalSection
EndGlobal
